
Microsoft Visual Studio Solution File, Format Version 12.00
# Visual Studio Version 17
VisualStudioVersion = 17.14.36127.28
MinimumVisualStudioVersion = 10.0.40219.1
Project("{FAE04EC0-301F-11D3-BF4B-00C04F79EFBC}") = "BookStoreApi.Api", "BookStoreApi\BookStoreApi.Api.csproj", "{7F192A6B-0D47-4DEA-BD47-66D4E758A9D6}"
EndProject
Project("{2150E333-8FDC-42A3-9474-1A3956D46DE8}") = "Solution Items", "Solution Items", "{8EC462FD-D22E-90A8-E5CE-7E832BA40C5D}"
	ProjectSection(SolutionItems) = preProject
		.gitignore = .gitignore
	EndProjectSection
EndProject
Project("{FAE04EC0-301F-11D3-BF4B-00C04F79EFBC}") = "BookStoreApi.Data", "BookStoreApi.Data\BookStoreApi.Data.csproj", "{DB03D497-AB4B-4810-9C48-8C78BD2E62A6}"
EndProject
Project("{FAE04EC0-301F-11D3-BF4B-00C04F79EFBC}") = "BookStoreApi.Util", "BookStoreApi.Util\BookStoreApi.Util.csproj", "{23920387-9CBC-47F4-A0E6-20D286537D75}"
EndProject
Global
	GlobalSection(SolutionConfigurationPlatforms) = preSolution
		Debug|Any CPU = Debug|Any CPU
		Release|Any CPU = Release|Any CPU
	EndGlobalSection
	GlobalSection(ProjectConfigurationPlatforms) = postSolution
		{7F192A6B-0D47-4DEA-BD47-66D4E758A9D6}.Debug|Any CPU.ActiveCfg = Debug|Any CPU
		{7F192A6B-0D47-4DEA-BD47-66D4E758A9D6}.Debug|Any CPU.Build.0 = Debug|Any CPU
		{7F192A6B-0D47-4DEA-BD47-66D4E758A9D6}.Release|Any CPU.ActiveCfg = Release|Any CPU
		{7F192A6B-0D47-4DEA-BD47-66D4E758A9D6}.Release|Any CPU.Build.0 = Release|Any CPU
		{DB03D497-AB4B-4810-9C48-8C78BD2E62A6}.Debug|Any CPU.ActiveCfg = Debug|Any CPU
		{DB03D497-AB4B-4810-9C48-8C78BD2E62A6}.Debug|Any CPU.Build.0 = Debug|Any CPU
		{DB03D497-AB4B-4810-9C48-8C78BD2E62A6}.Release|Any CPU.ActiveCfg = Release|Any CPU
		{DB03D497-AB4B-4810-9C48-8C78BD2E62A6}.Release|Any CPU.Build.0 = Release|Any CPU
		{23920387-9CBC-47F4-A0E6-20D286537D75}.Debug|Any CPU.ActiveCfg = Debug|Any CPU
		{23920387-9CBC-47F4-A0E6-20D286537D75}.Debug|Any CPU.Build.0 = Debug|Any CPU
		{23920387-9CBC-47F4-A0E6-20D286537D75}.Release|Any CPU.ActiveCfg = Release|Any CPU
		{23920387-9CBC-47F4-A0E6-20D286537D75}.Release|Any CPU.Build.0 = Release|Any CPU
	EndGlobalSection
	GlobalSection(SolutionProperties) = preSolution
		HideSolutionNode = FALSE
	EndGlobalSection
	GlobalSection(ExtensibilityGlobals) = postSolution
		SolutionGuid = {D531307A-B0CF-4C01-9D94-D7B3C2EBD452}
	EndGlobalSection
EndGlobal
